
Microsoft Visual Studio Solution File, Format Version 12.00
# Visual Studio Version 17
VisualStudioVersion = 17.11.35303.130
MinimumVisualStudioVersion = 10.0.40219.1
Project("{FAE04EC0-301F-11D3-BF4B-00C04F79EFBC}") = "PresentaionLayer", "PresentaionLayer\PresentaionLayer.csproj", "{3DFEECD7-110B-40BE-81B7-EE2504DBFF15}"
EndProject
Project("{FAE04EC0-301F-11D3-BF4B-00C04F79EFBC}") = "LogicLayer", "LogicLayer\LogicLayer.csproj", "{BF836CC9-1BCC-4AE4-A533-899002063716}"
EndProject
Project("{FAE04EC0-301F-11D3-BF4B-00C04F79EFBC}") = "DataAccessLayer", "DataAccessLayer\DataAccessLayer.csproj", "{B94CBB5E-BA83-4B55-B3F2-683891602788}"
EndProject
Global
	GlobalSection(SolutionConfigurationPlatforms) = preSolution
		Debug|Any CPU = Debug|Any CPU
		Release|Any CPU = Release|Any CPU
	EndGlobalSection
	GlobalSection(ProjectConfigurationPlatforms) = postSolution
		{3DFEECD7-110B-40BE-81B7-EE2504DBFF15}.Debug|Any CPU.ActiveCfg = Debug|Any CPU
		{3DFEECD7-110B-40BE-81B7-EE2504DBFF15}.Debug|Any CPU.Build.0 = Debug|Any CPU
		{3DFEECD7-110B-40BE-81B7-EE2504DBFF15}.Release|Any CPU.ActiveCfg = Release|Any CPU
		{3DFEECD7-110B-40BE-81B7-EE2504DBFF15}.Release|Any CPU.Build.0 = Release|Any CPU
		{BF836CC9-1BCC-4AE4-A533-899002063716}.Debug|Any CPU.ActiveCfg = Debug|Any CPU
		{BF836CC9-1BCC-4AE4-A533-899002063716}.Debug|Any CPU.Build.0 = Debug|Any CPU
		{BF836CC9-1BCC-4AE4-A533-899002063716}.Release|Any CPU.ActiveCfg = Release|Any CPU
		{BF836CC9-1BCC-4AE4-A533-899002063716}.Release|Any CPU.Build.0 = Release|Any CPU
		{B94CBB5E-BA83-4B55-B3F2-683891602788}.Debug|Any CPU.ActiveCfg = Debug|Any CPU
		{B94CBB5E-BA83-4B55-B3F2-683891602788}.Debug|Any CPU.Build.0 = Debug|Any CPU
		{B94CBB5E-BA83-4B55-B3F2-683891602788}.Release|Any CPU.ActiveCfg = Release|Any CPU
		{B94CBB5E-BA83-4B55-B3F2-683891602788}.Release|Any CPU.Build.0 = Release|Any CPU
	EndGlobalSection
	GlobalSection(SolutionProperties) = preSolution
		HideSolutionNode = FALSE
	EndGlobalSection
	GlobalSection(ExtensibilityGlobals) = postSolution
		SolutionGuid = {EC248BB8-1916-4799-BC2D-8FFC78D1463C}
	EndGlobalSection
EndGlobal
